github.com/sascha-andres/reuse v0.2.0 h1:wmV5NXD4A9AiUWWPqLmZgVd8/oSiy/NSMsCxX10NLkA=
github.com/sascha-andres/reuse v0.2.0/go.mod h1:IO//CEmjJGaAV2yKTZZrP/8nvHMJV5CX7MegWsPCWY0=
golang.org/x/exp v0.0.0-20230817173708-d852ddb80c63 h1:m64FZMko/V45gv0bNmrNYoDEq8U5YUhetc9cBWKS1TQ=
golang.org/x/exp v0.0.0-20230817173708-d852ddb80c63/go.mod h1:0v4NqG35kSWCMzLaMeX+IQrlSnVE/bqGSyC2cz/9Le8=
