github.com/sascha-andres/flag v0.3.1 h1:tp7d8I1zss+sbemznXcpIIcirz9hvP2amo3scmG3JJo=
github.com/sascha-andres/flag v0.3.1/go.mod h1:HPqYfwaZ0Ue3fkSKsNWdmBqd+0uBSejBZBSCILgVnow=
golang.org/x/exp v0.0.0-20230315142452-642cacee5cc0 h1:pVgRXcIictcr+lBQIFeiwuwtDIs4eL21OuM9nyAADmo=
golang.org/x/exp v0.0.0-20230315142452-642cacee5cc0/go.mod h1:CxIveKay+FTh1D0yPZemJVgC/95VzuuOLq5Qi4xnoYc=
